
Microsoft Visual Studio Solution File, Format Version 10.00
# Visual Studio 2008
Project("{FAE04EC0-301F-11D3-BF4B-00C04F79EFBC}") = "QuestionImport", "QuestionImport.csproj", "{AA928ADF-6764-4E63-893A-B9C02AFAD28E}"
EndProject
Global
	GlobalSection(SolutionConfigurationPlatforms) = preSolution
		Debug|Any CPU = Debug|Any CPU
		Release|Any CPU = Release|Any CPU
	EndGlobalSection
	GlobalSection(ProjectConfigurationPlatforms) = postSolution
		{AA928ADF-6764-4E63-893A-B9C02AFAD28E}.Debug|Any CPU.ActiveCfg = Debug|Any CPU
		{AA928ADF-6764-4E63-893A-B9C02AFAD28E}.Debug|Any CPU.Build.0 = Debug|Any CPU
		{AA928ADF-6764-4E63-893A-B9C02AFAD28E}.Release|Any CPU.ActiveCfg = Release|Any CPU
		{AA928ADF-6764-4E63-893A-B9C02AFAD28E}.Release|Any CPU.Build.0 = Release|Any CPU
	EndGlobalSection
	GlobalSection(SolutionProperties) = preSolution
		HideSolutionNode = FALSE
	EndGlobalSection
EndGlobal
